
Microsoft Visual Studio Solution File, Format Version 12.00
# Visual Studio Version 17
VisualStudioVersion = 17.14.36127.28
MinimumVisualStudioVersion = 10.0.40219.1
Project("{FAE04EC0-301F-11D3-BF4B-00C04F79EFBC}") = "MecaFlow", "MecaFlow\MecaFlow.csproj", "{FCC8255D-8256-4EDB-B034-198A242791D0}"
EndProject
Project("{FAE04EC0-301F-11D3-BF4B-00C04F79EFBC}") = "Abstracciones", "Abstracciones\Abstracciones.csproj", "{FAF52E0C-E011-47BB-B57D-B0EFCC46CAB2}"
EndProject
Project("{FAE04EC0-301F-11D3-BF4B-00C04F79EFBC}") = "DAL", "DAL\DAL.csproj", "{536B704C-5FB9-484D-82D1-726DA08F7FAE}"
EndProject
Project("{FAE04EC0-301F-11D3-BF4B-00C04F79EFBC}") = "Back", "Back\Back.csproj", "{8D682865-0CA3-421F-B88A-EA64AA729BC9}"
EndProject
Global
	GlobalSection(SolutionConfigurationPlatforms) = preSolution
		Debug|Any CPU = Debug|Any CPU
		Release|Any CPU = Release|Any CPU
	EndGlobalSection
	GlobalSection(ProjectConfigurationPlatforms) = postSolution
		{FCC8255D-8256-4EDB-B034-198A242791D0}.Debug|Any CPU.ActiveCfg = Debug|Any CPU
		{FCC8255D-8256-4EDB-B034-198A242791D0}.Debug|Any CPU.Build.0 = Debug|Any CPU
		{FCC8255D-8256-4EDB-B034-198A242791D0}.Release|Any CPU.ActiveCfg = Release|Any CPU
		{FCC8255D-8256-4EDB-B034-198A242791D0}.Release|Any CPU.Build.0 = Release|Any CPU
		{FAF52E0C-E011-47BB-B57D-B0EFCC46CAB2}.Debug|Any CPU.ActiveCfg = Debug|Any CPU
		{FAF52E0C-E011-47BB-B57D-B0EFCC46CAB2}.Debug|Any CPU.Build.0 = Debug|Any CPU
		{FAF52E0C-E011-47BB-B57D-B0EFCC46CAB2}.Release|Any CPU.ActiveCfg = Release|Any CPU
		{FAF52E0C-E011-47BB-B57D-B0EFCC46CAB2}.Release|Any CPU.Build.0 = Release|Any CPU
		{536B704C-5FB9-484D-82D1-726DA08F7FAE}.Debug|Any CPU.ActiveCfg = Debug|Any CPU
		{536B704C-5FB9-484D-82D1-726DA08F7FAE}.Debug|Any CPU.Build.0 = Debug|Any CPU
		{536B704C-5FB9-484D-82D1-726DA08F7FAE}.Release|Any CPU.ActiveCfg = Release|Any CPU
		{536B704C-5FB9-484D-82D1-726DA08F7FAE}.Release|Any CPU.Build.0 = Release|Any CPU
		{8D682865-0CA3-421F-B88A-EA64AA729BC9}.Debug|Any CPU.ActiveCfg = Debug|Any CPU
		{8D682865-0CA3-421F-B88A-EA64AA729BC9}.Debug|Any CPU.Build.0 = Debug|Any CPU
		{8D682865-0CA3-421F-B88A-EA64AA729BC9}.Release|Any CPU.ActiveCfg = Release|Any CPU
		{8D682865-0CA3-421F-B88A-EA64AA729BC9}.Release|Any CPU.Build.0 = Release|Any CPU
	EndGlobalSection
	GlobalSection(SolutionProperties) = preSolution
		HideSolutionNode = FALSE
	EndGlobalSection
	GlobalSection(ExtensibilityGlobals) = postSolution
		SolutionGuid = {92527F04-FCFA-4955-9B3B-F4B7D098E0BE}
	EndGlobalSection
EndGlobal
